// !$*UTF8*$!
{
	archiveVersion = 1;
	classes = {
	};
	objectVersion = 46;
	objects = {

/* Begin PBXBuildFile section */
		46F3AF43D4B91836F15CFA95 /* Pods_RainyShinyCloudyTests.framework in Frameworks */ = {isa = PBXBuildFile; fileRef = 672E9133F0E317AE170D5F7D /* Pods_RainyShinyCloudyTests.framework */; };
		9355B6C99D6528155BBAF7E7 /* Pods_RainyShinyCloudyUITests.framework in Frameworks */ = {isa = PBXBuildFile; fileRef = E59ABB96204CF1E8E8FFC6E8 /* Pods_RainyShinyCloudyUITests.framework */; };
		B0A21A2F99D1E11415A89962 /* Pods_RainyShinyCloudy.framework in Frameworks */ = {isa = PBXBuildFile; fileRef = B7695964D5F0CE49EA8967B9 /* Pods_RainyShinyCloudy.framework */; };
		EB6C05691EFF599900996C24 /* ForecastItem.swift in Sources */ = {isa = PBXBuildFile; fileRef = EB6C05681EFF599900996C24 /* ForecastItem.swift */; };
		EB95000A1EFAB33B00355A79 /* WeatherCell.swift in Sources */ = {isa = PBXBuildFile; fileRef = EB9500091EFAB33B00355A79 /* WeatherCell.swift */; };
		EB95000C1EFAC1CE00355A79 /* Location.swift in Sources */ = {isa = PBXBuildFile; fileRef = EB95000B1EFAC1CE00355A79 /* Location.swift */; };
		EBACD6741EFB5B6C00DAB235 /* Date+DayOfTheWeek.swift in Sources */ = {isa = PBXBuildFile; fileRef = EBACD6731EFB5B6C00DAB235 /* Date+DayOfTheWeek.swift */; };
		EBADB2EA1EF5A12000C75712 /* AppDelegate.swift in Sources */ = {isa = PBXBuildFile; fileRef = EBADB2E91EF5A12000C75712 /* AppDelegate.swift */; };
		EBADB2EC1EF5A12000C75712 /* WeatherVC.swift in Sources */ = {isa = PBXBuildFile; fileRef = EBADB2EB1EF5A12000C75712 /* WeatherVC.swift */; };
		EBADB2EF1EF5A12000C75712 /* Main.storyboard in Resources */ = {isa = PBXBuildFile; fileRef = EBADB2ED1EF5A12000C75712 /* Main.storyboard */; };
		EBADB2F11EF5A12000C75712 /* Assets.xcassets in Resources */ = {isa = PBXBuildFile; fileRef = EBADB2F01EF5A12000C75712 /* Assets.xcassets */; };
		EBADB2F41EF5A12000C75712 /* LaunchScreen.storyboard in Resources */ = {isa = PBXBuildFile; fileRef = EBADB2F21EF5A12000C75712 /* LaunchScreen.storyboard */; };
		EBADB2FF1EF5A12000C75712 /* RainyShinyCloudyTests.swift in Sources */ = {isa = PBXBuildFile; fileRef = EBADB2FE1EF5A12000C75712 /* RainyShinyCloudyTests.swift */; };
		EBADB30A1EF5A12000C75712 /* RainyShinyCloudyUITests.swift in Sources */ = {isa = PBXBuildFile; fileRef = EBADB3091EF5A12000C75712 /* RainyShinyCloudyUITests.swift */; };
		EBFD2B711EF5CB50005E978C /* Constants.swift in Sources */ = {isa = PBXBuildFile; fileRef = EBFD2B701EF5CB50005E978C /* Constants.swift */; };
		EBFD2B731EF5D01A005E978C /* CurrentWeather.swift in Sources */ = {isa = PBXBuildFile; fileRef = EBFD2B721EF5D01A005E978C /* CurrentWeather.swift */; };
		EBFD2B751EF5D312005E978C /* ApiKeys.swift in Sources */ = {isa = PBXBuildFile; fileRef = EBFD2B741EF5D312005E978C /* ApiKeys.swift */; };
		EBFD2B771EF5ED2D005E978C /* Forecast.swift in Sources */ = {isa = PBXBuildFile; fileRef = EBFD2B761EF5ED2D005E978C /* Forecast.swift */; };
/* End PBXBuildFile section */

/* Begin PBXContainerItemProxy section */
		EBADB2FB1EF5A12000C75712 /* PBXContainerItemProxy */ = {
			isa = PBXContainerItemProxy;
			containerPortal = EBADB2DE1EF5A12000C75712 /* Project object */;
			proxyType = 1;
			remoteGlobalIDString = EBADB2E51EF5A12000C75712;
			remoteInfo = RainyShinyCloudy;
		};
		EBADB3061EF5A12000C75712 /* PBXContainerItemProxy */ = {
			isa = PBXContainerItemProxy;
			containerPortal = EBADB2DE1EF5A12000C75712 /* Project object */;
			proxyType = 1;
			remoteGlobalIDString = EBADB2E51EF5A12000C75712;
			remoteInfo = RainyShinyCloudy;
		};
/* End PBXContainerItemProxy section */

/* Begin PBXFileReference section */
		1BE006E94CB38CF946822B03 /* Pods-RainyShinyCloudy.debug.xcconfig */ = {isa = PBXFileReference; includeInIndex = 1; lastKnownFileType = text.xcconfig; name = "Pods-RainyShinyCloudy.debug.xcconfig"; path = "Pods/Target Support Files/Pods-RainyShinyCloudy/Pods-RainyShinyCloudy.debug.xcconfig"; sourceTree = "<group>"; };
		2900A541F712F9553606257D /* Pods-RainyShinyCloudyUITests.release.xcconfig */ = {isa = PBXFileReference; includeInIndex = 1; lastKnownFileType = text.xcconfig; name = "Pods-RainyShinyCloudyUITests.release.xcconfig"; path = "Pods/Target Support Files/Pods-RainyShinyCloudyUITests/Pods-RainyShinyCloudyUITests.release.xcconfig"; sourceTree = "<group>"; };
		4E79298939E14588324B30D5 /* Pods-RainyShinyCloudyTests.debug.xcconfig */ = {isa = PBXFileReference; includeInIndex = 1; lastKnownFileType = text.xcconfig; name = "Pods-RainyShinyCloudyTests.debug.xcconfig"; path = "Pods/Target Support Files/Pods-RainyShinyCloudyTests/Pods-RainyShinyCloudyTests.debug.xcconfig"; sourceTree = "<group>"; };
		4EB1C7B3B5ADC8A5E9A0761F /* Pods-RainyShinyCloudyUITests.debug.xcconfig */ = {isa = PBXFileReference; includeInIndex = 1; lastKnownFileType = text.xcconfig; name = "Pods-RainyShinyCloudyUITests.debug.xcconfig"; path = "Pods/Target Support Files/Pods-RainyShinyCloudyUITests/Pods-RainyShinyCloudyUITests.debug.xcconfig"; sourceTree = "<group>"; };
		672E9133F0E317AE170D5F7D /* Pods_RainyShinyCloudyTests.framework */ = {isa = PBXFileReference; explicitFileType = wrapper.framework; includeInIndex = 0; path = Pods_RainyShinyCloudyTests.framework; sourceTree = BUILT_PRODUCTS_DIR; };
		8C2B9ABA8FFF0D98B132791F /* Pods-RainyShinyCloudy.release.xcconfig */ = {isa = PBXFileReference; includeInIndex = 1; lastKnownFileType = text.xcconfig; name = "Pods-RainyShinyCloudy.release.xcconfig"; path = "Pods/Target Support Files/Pods-RainyShinyCloudy/Pods-RainyShinyCloudy.release.xcconfig"; sourceTree = "<group>"; };
		B7695964D5F0CE49EA8967B9 /* Pods_RainyShinyCloudy.framework */ = {isa = PBXFileReference; explicitFileType = wrapper.framework; includeInIndex = 0; path = Pods_RainyShinyCloudy.framework; sourceTree = BUILT_PRODUCTS_DIR; };
		E59ABB96204CF1E8E8FFC6E8 /* Pods_RainyShinyCloudyUITests.framework */ = {isa = PBXFileReference; explicitFileType = wrapper.framework; includeInIndex = 0; path = Pods_RainyShinyCloudyUITests.framework; sourceTree = BUILT_PRODUCTS_DIR; };
		EB6C05681EFF599900996C24 /* ForecastItem.swift */ = {isa = PBXFileReference; fileEncoding = 4; lastKnownFileType = sourcecode.swift; path = ForecastItem.swift; sourceTree = "<group>"; };
		EB9500091EFAB33B00355A79 /* WeatherCell.swift */ = {isa = PBXFileReference; fileEncoding = 4; lastKnownFileType = sourcecode.swift; path = WeatherCell.swift; sourceTree = "<group>"; };
		EB95000B1EFAC1CE00355A79 /* Location.swift */ = {isa = PBXFileReference; fileEncoding = 4; lastKnownFileType = sourcecode.swift; path = Location.swift; sourceTree = "<group>"; };
		EBACD6731EFB5B6C00DAB235 /* Date+DayOfTheWeek.swift */ = {isa = PBXFileReference; fileEncoding = 4; lastKnownFileType = sourcecode.swift; path = "Date+DayOfTheWeek.swift"; sourceTree = "<group>"; };
		EBADB2E61EF5A12000C75712 /* RainyShinyCloudy.app */ = {isa = PBXFileReference; explicitFileType = wrapper.application; includeInIndex = 0; path = RainyShinyCloudy.app; sourceTree = BUILT_PRODUCTS_DIR; };
		EBADB2E91EF5A12000C75712 /* AppDelegate.swift */ = {isa = PBXFileReference; lastKnownFileType = sourcecode.swift; path = AppDelegate.swift; sourceTree = "<group>"; };
		EBADB2EB1EF5A12000C75712 /* WeatherVC.swift */ = {isa = PBXFileReference; lastKnownFileType = sourcecode.swift; path = WeatherVC.swift; sourceTree = "<group>"; };
		EBADB2EE1EF5A12000C75712 /* Base */ = {isa = PBXFileReference; lastKnownFileType = file.storyboard; name = Base; path = Base.lproj/Main.storyboard; sourceTree = "<group>"; };
		EBADB2F01EF5A12000C75712 /* Assets.xcassets */ = {isa = PBXFileReference; lastKnownFileType = folder.assetcatalog; path = Assets.xcassets; sourceTree = "<group>"; };
		EBADB2F31EF5A12000C75712 /* Base */ = {isa = PBXFileReference; lastKnownFileType = file.storyboard; name = Base; path = Base.lproj/LaunchScreen.storyboard; sourceTree = "<group>"; };
		EBADB2F51EF5A12000C75712 /* Info.plist */ = {isa = PBXFileReference; lastKnownFileType = text.plist.xml; path = Info.plist; sourceTree = "<group>"; };
		EBADB2FA1EF5A12000C75712 /* RainyShinyCloudyTests.xctest */ = {isa = PBXFileReference; explicitFileType = wrapper.cfbundle; includeInIndex = 0; path = RainyShinyCloudyTests.xctest; sourceTree = BUILT_PRODUCTS_DIR; };
		EBADB2FE1EF5A12000C75712 /* RainyShinyCloudyTests.swift */ = {isa = PBXFileReference; lastKnownFileType = sourcecode.swift; path = RainyShinyCloudyTests.swift; sourceTree = "<group>"; };
		EBADB3001EF5A12000C75712 /* Info.plist */ = {isa = PBXFileReference; lastKnownFileType = text.plist.xml; path = Info.plist; sourceTree = "<group>"; };
		EBADB3051EF5A12000C75712 /* RainyShinyCloudyUITests.xctest */ = {isa = PBXFileReference; explicitFileType = wrapper.cfbundle; includeInIndex = 0; path = RainyShinyCloudyUITests.xctest; sourceTree = BUILT_PRODUCTS_DIR; };
		EBADB3091EF5A12000C75712 /* RainyShinyCloudyUITests.swift */ = {isa = PBXFileReference; lastKnownFileType = sourcecode.swift; path = RainyShinyCloudyUITests.swift; sourceTree = "<group>"; };
		EBADB30B1EF5A12000C75712 /* Info.plist */ = {isa = PBXFileReference; lastKnownFileType = text.plist.xml; path = Info.plist; sourceTree = "<group>"; };
		EBFD2B701EF5CB50005E978C /* Constants.swift */ = {isa = PBXFileReference; fileEncoding = 4; lastKnownFileType = sourcecode.swift; path = Constants.swift; sourceTree = "<group>"; };
		EBFD2B721EF5D01A005E978C /* CurrentWeather.swift */ = {isa = PBXFileReference; fileEncoding = 4; lastKnownFileType = sourcecode.swift; path = CurrentWeather.swift; sourceTree = "<group>"; };
		EBFD2B741EF5D312005E978C /* ApiKeys.swift */ = {isa = PBXFileReference; fileEncoding = 4; lastKnownFileType = sourcecode.swift; path = ApiKeys.swift; sourceTree = "<group>"; };
		EBFD2B761EF5ED2D005E978C /* Forecast.swift */ = {isa = PBXFileReference; fileEncoding = 4; lastKnownFileType = sourcecode.swift; path = Forecast.swift; sourceTree = "<group>"; };
		F51319A00D6320970931C591 /* Pods-RainyShinyCloudyTests.release.xcconfig */ = {isa = PBXFileReference; includeInIndex = 1; lastKnownFileType = text.xcconfig; name = "Pods-RainyShinyCloudyTests.release.xcconfig"; path = "Pods/Target Support Files/Pods-RainyShinyCloudyTests/Pods-RainyShinyCloudyTests.release.xcconfig"; sourceTree = "<group>"; };
/* End PBXFileReference section */

/* Begin PBXFrameworksBuildPhase section */
		EBADB2E31EF5A12000C75712 /* Frameworks */ = {
			isa = PBXFrameworksBuildPhase;
			buildActionMask = 2147483647;
			files = (
				B0A21A2F99D1E11415A89962 /* Pods_RainyShinyCloudy.framework in Frameworks */,
			);
			runOnlyForDeploymentPostprocessing = 0;
		};
		EBADB2F71EF5A12000C75712 /* Frameworks */ = {
			isa = PBXFrameworksBuildPhase;
			buildActionMask = 2147483647;
			files = (
				46F3AF43D4B91836F15CFA95 /* Pods_RainyShinyCloudyTests.framework in Frameworks */,
			);
			runOnlyForDeploymentPostprocessing = 0;
		};
		EBADB3021EF5A12000C75712 /* Frameworks */ = {
			isa = PBXFrameworksBuildPhase;
			buildActionMask = 2147483647;
			files = (
				9355B6C99D6528155BBAF7E7 /* Pods_RainyShinyCloudyUITests.framework in Frameworks */,
			);
			runOnlyForDeploymentPostprocessing = 0;
		};
/* End PBXFrameworksBuildPhase section */

/* Begin PBXGroup section */
		5FD0D1752FB509A5FAE745E8 /* Pods */ = {
			isa = PBXGroup;
			children = (
				1BE006E94CB38CF946822B03 /* Pods-RainyShinyCloudy.debug.xcconfig */,
				8C2B9ABA8FFF0D98B132791F /* Pods-RainyShinyCloudy.release.xcconfig */,
				4E79298939E14588324B30D5 /* Pods-RainyShinyCloudyTests.debug.xcconfig */,
				F51319A00D6320970931C591 /* Pods-RainyShinyCloudyTests.release.xcconfig */,
				4EB1C7B3B5ADC8A5E9A0761F /* Pods-RainyShinyCloudyUITests.debug.xcconfig */,
				2900A541F712F9553606257D /* Pods-RainyShinyCloudyUITests.release.xcconfig */,
			);
			name = Pods;
			sourceTree = "<group>";
		};
		985F655299DF28D5B604F2A9 /* Frameworks */ = {
			isa = PBXGroup;
			children = (
				B7695964D5F0CE49EA8967B9 /* Pods_RainyShinyCloudy.framework */,
				672E9133F0E317AE170D5F7D /* Pods_RainyShinyCloudyTests.framework */,
				E59ABB96204CF1E8E8FFC6E8 /* Pods_RainyShinyCloudyUITests.framework */,
			);
			name = Frameworks;
			sourceTree = "<group>";
		};
		EBADB2DD1EF5A12000C75712 = {
			isa = PBXGroup;
			children = (
				EBADB2E81EF5A12000C75712 /* RainyShinyCloudy */,
				EBADB2FD1EF5A12000C75712 /* RainyShinyCloudyTests */,
				EBADB3081EF5A12000C75712 /* RainyShinyCloudyUITests */,
				EBADB2E71EF5A12000C75712 /* Products */,
				5FD0D1752FB509A5FAE745E8 /* Pods */,
				985F655299DF28D5B604F2A9 /* Frameworks */,
			);
			sourceTree = "<group>";
		};
		EBADB2E71EF5A12000C75712 /* Products */ = {
			isa = PBXGroup;
			children = (
				EBADB2E61EF5A12000C75712 /* RainyShinyCloudy.app */,
				EBADB2FA1EF5A12000C75712 /* RainyShinyCloudyTests.xctest */,
				EBADB3051EF5A12000C75712 /* RainyShinyCloudyUITests.xctest */,
			);
			name = Products;
			sourceTree = "<group>";
		};
		EBADB2E81EF5A12000C75712 /* RainyShinyCloudy */ = {
			isa = PBXGroup;
			children = (
				EBADB2E91EF5A12000C75712 /* AppDelegate.swift */,
				EBADB2EB1EF5A12000C75712 /* WeatherVC.swift */,
				EBADB2ED1EF5A12000C75712 /* Main.storyboard */,
				EBADB2F01EF5A12000C75712 /* Assets.xcassets */,
				EBADB2F21EF5A12000C75712 /* LaunchScreen.storyboard */,
				EBADB2F51EF5A12000C75712 /* Info.plist */,
				EBFD2B701EF5CB50005E978C /* Constants.swift */,
				EBFD2B721EF5D01A005E978C /* CurrentWeather.swift */,
				EBFD2B741EF5D312005E978C /* ApiKeys.swift */,
				EBFD2B761EF5ED2D005E978C /* Forecast.swift */,
				EB9500091EFAB33B00355A79 /* WeatherCell.swift */,
				EB95000B1EFAC1CE00355A79 /* Location.swift */,
				EBACD6731EFB5B6C00DAB235 /* Date+DayOfTheWeek.swift */,
				EB6C05681EFF599900996C24 /* ForecastItem.swift */,
			);
			path = RainyShinyCloudy;
			sourceTree = "<group>";
		};
		EBADB2FD1EF5A12000C75712 /* RainyShinyCloudyTests */ = {
			isa = PBXGroup;
			children = (
				EBADB2FE1EF5A12000C75712 /* RainyShinyCloudyTests.swift */,
				EBADB3001EF5A12000C75712 /* Info.plist */,
			);
			path = RainyShinyCloudyTests;
			sourceTree = "<group>";
		};
		EBADB3081EF5A12000C75712 /* RainyShinyCloudyUITests */ = {
			isa = PBXGroup;
			children = (
				EBADB3091EF5A12000C75712 /* RainyShinyCloudyUITests.swift */,
				EBADB30B1EF5A12000C75712 /* Info.plist */,
			);
			path = RainyShinyCloudyUITests;
			sourceTree = "<group>";
		};
/* End PBXGroup section */

/* Begin PBXNativeTarget section */
		EBADB2E51EF5A12000C75712 /* RainyShinyCloudy */ = {
			isa = PBXNativeTarget;
			buildConfigurationList = EBADB30E1EF5A12000C75712 /* Build configuration list for PBXNativeTarget "RainyShinyCloudy" */;
			buildPhases = (
				6A8A6E619945A7D79DF16D37 /* [CP] Check Pods Manifest.lock */,
				EBADB2E21EF5A12000C75712 /* Sources */,
				EBADB2E31EF5A12000C75712 /* Frameworks */,
				EBADB2E41EF5A12000C75712 /* Resources */,
				9ECB41A533F6E790C86C410A /* [CP] Embed Pods Frameworks */,
				0F1C25B37629116558A5151E /* [CP] Copy Pods Resources */,
			);
			buildRules = (
			);
			dependencies = (
			);
			name = RainyShinyCloudy;
			productName = RainyShinyCloudy;
			productReference = EBADB2E61EF5A12000C75712 /* RainyShinyCloudy.app */;
			productType = "com.apple.product-type.application";
		};
		EBADB2F91EF5A12000C75712 /* RainyShinyCloudyTests */ = {
			isa = PBXNativeTarget;
			buildConfigurationList = EBADB3111EF5A12000C75712 /* Build configuration list for PBXNativeTarget "RainyShinyCloudyTests" */;
			buildPhases = (
				2456252D25E7E55E7A47899C /* [CP] Check Pods Manifest.lock */,
				EBADB2F61EF5A12000C75712 /* Sources */,
				EBADB2F71EF5A12000C75712 /* Frameworks */,
				EBADB2F81EF5A12000C75712 /* Resources */,
				2145FF6D850CC5641EB1E481 /* [CP] Embed Pods Frameworks */,
				800B1D280254266CE03216AA /* [CP] Copy Pods Resources */,
			);
			buildRules = (
			);
			dependencies = (
				EBADB2FC1EF5A12000C75712 /* PBXTargetDependency */,
			);
			name = RainyShinyCloudyTests;
			productName = RainyShinyCloudyTests;
			productReference = EBADB2FA1EF5A12000C75712 /* RainyShinyCloudyTests.xctest */;
			productType = "com.apple.product-type.bundle.unit-test";
		};
		EBADB3041EF5A12000C75712 /* RainyShinyCloudyUITests */ = {
			isa = PBXNativeTarget;
			buildConfigurationList = EBADB3141EF5A12000C75712 /* Build configuration list for PBXNativeTarget "RainyShinyCloudyUITests" */;
			buildPhases = (
				22376775DA9DE40186E07DDF /* [CP] Check Pods Manifest.lock */,
				EBADB3011EF5A12000C75712 /* Sources */,
				EBADB3021EF5A12000C75712 /* Frameworks */,
				EBADB3031EF5A12000C75712 /* Resources */,
				C69552CFC9D5E3CB687D8229 /* [CP] Embed Pods Frameworks */,
				BBDDD1D62953BA3860D88542 /* [CP] Copy Pods Resources */,
			);
			buildRules = (
			);
			dependencies = (
				EBADB3071EF5A12000C75712 /* PBXTargetDependency */,
			);
			name = RainyShinyCloudyUITests;
			productName = RainyShinyCloudyUITests;
			productReference = EBADB3051EF5A12000C75712 /* RainyShinyCloudyUITests.xctest */;
			productType = "com.apple.product-type.bundle.ui-testing";
		};
/* End PBXNativeTarget section */

/* Begin PBXProject section */
		EBADB2DE1EF5A12000C75712 /* Project object */ = {
			isa = PBXProject;
			attributes = {
				LastSwiftUpdateCheck = 0830;
				LastUpgradeCheck = 0830;
				ORGANIZATIONNAME = "kickinbahk Productions";
				TargetAttributes = {
					EBADB2E51EF5A12000C75712 = {
						CreatedOnToolsVersion = 8.3.3;
						DevelopmentTeam = HPWA75Z78H;
						ProvisioningStyle = Automatic;
					};
					EBADB2F91EF5A12000C75712 = {
						CreatedOnToolsVersion = 8.3.3;
						DevelopmentTeam = HPWA75Z78H;
						ProvisioningStyle = Automatic;
						TestTargetID = EBADB2E51EF5A12000C75712;
					};
					EBADB3041EF5A12000C75712 = {
						CreatedOnToolsVersion = 8.3.3;
						DevelopmentTeam = HPWA75Z78H;
						ProvisioningStyle = Automatic;
						TestTargetID = EBADB2E51EF5A12000C75712;
					};
				};
			};
			buildConfigurationList = EBADB2E11EF5A12000C75712 /* Build configuration list for PBXProject "RainyShinyCloudy" */;
			compatibilityVersion = "Xcode 3.2";
			developmentRegion = English;
			hasScannedForEncodings = 0;
			knownRegions = (
				en,
				Base,
			);
			mainGroup = EBADB2DD1EF5A12000C75712;
			productRefGroup = EBADB2E71EF5A12000C75712 /* Products */;
			projectDirPath = "";
			projectRoot = "";
			targets = (
				EBADB2E51EF5A12000C75712 /* RainyShinyCloudy */,
				EBADB2F91EF5A12000C75712 /* RainyShinyCloudyTests */,
				EBADB3041EF5A12000C75712 /* RainyShinyCloudyUITests */,
			);
		};
/* End PBXProject section */

/* Begin PBXResourcesBuildPhase section */
		EBADB2E41EF5A12000C75712 /* Resources */ = {
			isa = PBXResourcesBuildPhase;
			buildActionMask = 2147483647;
			files = (
				EBADB2F41EF5A12000C75712 /* LaunchScreen.storyboard in Resources */,
				EBADB2F11EF5A12000C75712 /* Assets.xcassets in Resources */,
				EBADB2EF1EF5A12000C75712 /* Main.storyboard in Resources */,
			);
			runOnlyForDeploymentPostprocessing = 0;
		};
		EBADB2F81EF5A12000C75712 /* Resources */ = {
			isa = PBXResourcesBuildPhase;
			buildActionMask = 2147483647;
			files = (
			);
			runOnlyForDeploymentPostprocessing = 0;
		};
		EBADB3031EF5A12000C75712 /* Resources */ = {
			isa = PBXResourcesBuildPhase;
			buildActionMask = 2147483647;
			files = (
			);
			runOnlyForDeploymentPostprocessing = 0;
		};
/* End PBXResourcesBuildPhase section */

/* Begin PBXShellScriptBuildPhase section */
		0F1C25B37629116558A5151E /* [CP] Copy Pods Resources */ = {
			isa = PBXShellScriptBuildPhase;
			buildActionMask = 2147483647;
			files = (
			);
			inputPaths = (
			);
			name = "[CP] Copy Pods Resources";
			outputPaths = (
			);
			runOnlyForDeploymentPostprocessing = 0;
			shellPath = /bin/sh;
			shellScript = "\"${SRCROOT}/Pods/Target Support Files/Pods-RainyShinyCloudy/Pods-RainyShinyCloudy-resources.sh\"\n";
			showEnvVarsInLog = 0;
		};
		2145FF6D850CC5641EB1E481 /* [CP] Embed Pods Frameworks */ = {
			isa = PBXShellScriptBuildPhase;
			buildActionMask = 2147483647;
			files = (
			);
			inputPaths = (
			);
			name = "[CP] Embed Pods Frameworks";
			outputPaths = (
			);
			runOnlyForDeploymentPostprocessing = 0;
			shellPath = /bin/sh;
			shellScript = "\"${SRCROOT}/Pods/Target Support Files/Pods-RainyShinyCloudyTests/Pods-RainyShinyCloudyTests-frameworks.sh\"\n";
			showEnvVarsInLog = 0;
		};
		22376775DA9DE40186E07DDF /* [CP] Check Pods Manifest.lock */ = {
			isa = PBXShellScriptBuildPhase;
			buildActionMask = 2147483647;
			files = (
			);
			inputPaths = (
			);
			name = "[CP] Check Pods Manifest.lock";
			outputPaths = (
			);
			runOnlyForDeploymentPostprocessing = 0;
			shellPath = /bin/sh;
			shellScript = "diff \"${PODS_ROOT}/../Podfile.lock\" \"${PODS_ROOT}/Manifest.lock\" > /dev/null\nif [ $? != 0 ] ; then\n    # print error to STDERR\n    echo \"error: The sandbox is not in sync with the Podfile.lock. Run 'pod install' or update your CocoaPods installation.\" >&2\n    exit 1\nfi\n";
			showEnvVarsInLog = 0;
		};
		2456252D25E7E55E7A47899C /* [CP] Check Pods Manifest.lock */ = {
			isa = PBXShellScriptBuildPhase;
			buildActionMask = 2147483647;
			files = (
			);
			inputPaths = (
			);
			name = "[CP] Check Pods Manifest.lock";
			outputPaths = (
			);
			runOnlyForDeploymentPostprocessing = 0;
			shellPath = /bin/sh;
			shellScript = "diff \"${PODS_ROOT}/../Podfile.lock\" \"${PODS_ROOT}/Manifest.lock\" > /dev/null\nif [ $? != 0 ] ; then\n    # print error to STDERR\n    echo \"error: The sandbox is not in sync with the Podfile.lock. Run 'pod install' or update your CocoaPods installation.\" >&2\n    exit 1\nfi\n";
			showEnvVarsInLog = 0;
		};
		6A8A6E619945A7D79DF16D37 /* [CP] Check Pods Manifest.lock */ = {
			isa = PBXShellScriptBuildPhase;
			buildActionMask = 2147483647;
			files = (
			);
			inputPaths = (
			);
			name = "[CP] Check Pods Manifest.lock";
			outputPaths = (
			);
			runOnlyForDeploymentPostprocessing = 0;
			shellPath = /bin/sh;
			shellScript = "diff \"${PODS_ROOT}/../Podfile.lock\" \"${PODS_ROOT}/Manifest.lock\" > /dev/null\nif [ $? != 0 ] ; then\n    # print error to STDERR\n    echo \"error: The sandbox is not in sync with the Podfile.lock. Run 'pod install' or update your CocoaPods installation.\" >&2\n    exit 1\nfi\n";
			showEnvVarsInLog = 0;
		};
		800B1D280254266CE03216AA /* [CP] Copy Pods Resources */ = {
			isa = PBXShellScriptBuildPhase;
			buildActionMask = 2147483647;
			files = (
			);
			inputPaths = (
			);
			name = "[CP] Copy Pods Resources";
			outputPaths = (
			);
			runOnlyForDeploymentPostprocessing = 0;
			shellPath = /bin/sh;
			shellScript = "\"${SRCROOT}/Pods/Target Support Files/Pods-RainyShinyCloudyTests/Pods-RainyShinyCloudyTests-resources.sh\"\n";
			showEnvVarsInLog = 0;
		};
		9ECB41A533F6E790C86C410A /* [CP] Embed Pods Frameworks */ = {
			isa = PBXShellScriptBuildPhase;
			buildActionMask = 2147483647;
			files = (
			);
			inputPaths = (
			);
			name = "[CP] Embed Pods Frameworks";
			outputPaths = (
			);
			runOnlyForDeploymentPostprocessing = 0;
			shellPath = /bin/sh;
			shellScript = "\"${SRCROOT}/Pods/Target Support Files/Pods-RainyShinyCloudy/Pods-RainyShinyCloudy-frameworks.sh\"\n";
			showEnvVarsInLog = 0;
		};
		BBDDD1D62953BA3860D88542 /* [CP] Copy Pods Resources */ = {
			isa = PBXShellScriptBuildPhase;
			buildActionMask = 2147483647;
			files = (
			);
			inputPaths = (
			);
			name = "[CP] Copy Pods Resources";
			outputPaths = (
			);
			runOnlyForDeploymentPostprocessing = 0;
			shellPath = /bin/sh;
			shellScript = "\"${SRCROOT}/Pods/Target Support Files/Pods-RainyShinyCloudyUITests/Pods-RainyShinyCloudyUITests-resources.sh\"\n";
			showEnvVarsInLog = 0;
		};
		C69552CFC9D5E3CB687D8229 /* [CP] Embed Pods Frameworks */ = {
			isa = PBXShellScriptBuildPhase;
			buildActionMask = 2147483647;
			files = (
			);
			inputPaths = (
			);
			name = "[CP] Embed Pods Frameworks";
			outputPaths = (
			);
			runOnlyForDeploymentPostprocessing = 0;
			shellPath = /bin/sh;
			shellScript = "\"${SRCROOT}/Pods/Target Support Files/Pods-RainyShinyCloudyUITests/Pods-RainyShinyCloudyUITests-frameworks.sh\"\n";
			showEnvVarsInLog = 0;
		};
/* End PBXShellScriptBuildPhase section */

/* Begin PBXSourcesBuildPhase section */
		EBADB2E21EF5A12000C75712 /* Sources */ = {
			isa = PBXSourcesBuildPhase;
			buildActionMask = 2147483647;
			files = (
				EBADB2EC1EF5A12000C75712 /* WeatherVC.swift in Sources */,
				EBACD6741EFB5B6C00DAB235 /* Date+DayOfTheWeek.swift in Sources */,
				EBADB2EA1EF5A12000C75712 /* AppDelegate.swift in Sources */,
				EB95000C1EFAC1CE00355A79 /* Location.swift in Sources */,
				EBFD2B731EF5D01A005E978C /* CurrentWeather.swift in Sources */,
				EB6C05691EFF599900996C24 /* ForecastItem.swift in Sources */,
				EBFD2B711EF5CB50005E978C /* Constants.swift in Sources */,
				EBFD2B771EF5ED2D005E978C /* Forecast.swift in Sources */,
				EBFD2B751EF5D312005E978C /* ApiKeys.swift in Sources */,
				EB95000A1EFAB33B00355A79 /* WeatherCell.swift in Sources */,
			);
			runOnlyForDeploymentPostprocessing = 0;
		};
		EBADB2F61EF5A12000C75712 /* Sources */ = {
			isa = PBXSourcesBuildPhase;
			buildActionMask = 2147483647;
			files = (
				EBADB2FF1EF5A12000C75712 /* RainyShinyCloudyTests.swift in Sources */,
			);
			runOnlyForDeploymentPostprocessing = 0;
		};
		EBADB3011EF5A12000C75712 /* Sources */ = {
			isa = PBXSourcesBuildPhase;
			buildActionMask = 2147483647;
			files = (
				EBADB30A1EF5A12000C75712 /* RainyShinyCloudyUITests.swift in Sources */,
			);
			runOnlyForDeploymentPostprocessing = 0;
		};
/* End PBXSourcesBuildPhase section */

/* Begin PBXTargetDependency section */
		EBADB2FC1EF5A12000C75712 /* PBXTargetDependency */ = {
			isa = PBXTargetDependency;
			target = EBADB2E51EF5A12000C75712 /* RainyShinyCloudy */;
			targetProxy = EBADB2FB1EF5A12000C75712 /* PBXContainerItemProxy */;
		};
		EBADB3071EF5A12000C75712 /* PBXTargetDependency */ = {
			isa = PBXTargetDependency;
			target = EBADB2E51EF5A12000C75712 /* RainyShinyCloudy */;
			targetProxy = EBADB3061EF5A12000C75712 /* PBXContainerItemProxy */;
		};
/* End PBXTargetDependency section */

/* Begin PBXVariantGroup section */
		EBADB2ED1EF5A12000C75712 /* Main.storyboard */ = {
			isa = PBXVariantGroup;
			children = (
				EBADB2EE1EF5A12000C75712 /* Base */,
			);
			name = Main.storyboard;
			sourceTree = "<group>";
		};
		EBADB2F21EF5A12000C75712 /* LaunchScreen.storyboard */ = {
			isa = PBXVariantGroup;
			children = (
				EBADB2F31EF5A12000C75712 /* Base */,
			);
			name = LaunchScreen.storyboard;
			sourceTree = "<group>";
		};
/* End PBXVariantGroup section */

/* Begin XCBuildConfiguration section */
		EBADB30C1EF5A12000C75712 /* Debug */ = {
			isa = XCBuildConfiguration;
			buildSettings = {
				ALWAYS_SEARCH_USER_PATHS = NO;
				CLANG_ANALYZER_NONNULL = YES;
				CLANG_ANALYZER_NUMBER_OBJECT_CONVERSION = YES_AGGRESSIVE;
				CLANG_CXX_LANGUAGE_STANDARD = "gnu++0x";
				CLANG_CXX_LIBRARY = "libc++";
				CLANG_ENABLE_MODULES = YES;
				CLANG_ENABLE_OBJC_ARC = YES;
				CLANG_WARN_BOOL_CONVERSION = YES;
				CLANG_WARN_CONSTANT_CONVERSION = YES;
				CLANG_WARN_DIRECT_OBJC_ISA_USAGE = YES_ERROR;
				CLANG_WARN_DOCUMENTATION_COMMENTS = YES;
				CLANG_WARN_EMPTY_BODY = YES;
				CLANG_WARN_ENUM_CONVERSION = YES;
				CLANG_WARN_INFINITE_RECURSION = YES;
				CLANG_WARN_INT_CONVERSION = YES;
				CLANG_WARN_OBJC_ROOT_CLASS = YES_ERROR;
				CLANG_WARN_SUSPICIOUS_MOVE = YES;
				CLANG_WARN_UNREACHABLE_CODE = YES;
				CLANG_WARN__DUPLICATE_METHOD_MATCH = YES;
				"CODE_SIGN_IDENTITY[sdk=iphoneos*]" = "iPhone Developer";
				COPY_PHASE_STRIP = NO;
				DEBUG_INFORMATION_FORMAT = dwarf;
				ENABLE_STRICT_OBJC_MSGSEND = YES;
				ENABLE_TESTABILITY = YES;
				GCC_C_LANGUAGE_STANDARD = gnu99;
				GCC_DYNAMIC_NO_PIC = NO;
				GCC_NO_COMMON_BLOCKS = YES;
				GCC_OPTIMIZATION_LEVEL = 0;
				GCC_PREPROCESSOR_DEFINITIONS = (
					"DEBUG=1",
					"$(inherited)",
				);
				GCC_WARN_64_TO_32_BIT_CONVERSION = YES;
				GCC_WARN_ABOUT_RETURN_TYPE = YES_ERROR;
				GCC_WARN_UNDECLARED_SELECTOR = YES;
				GCC_WARN_UNINITIALIZED_AUTOS = YES_AGGRESSIVE;
				GCC_WARN_UNUSED_FUNCTION = YES;
				GCC_WARN_UNUSED_VARIABLE = YES;
				IPHONEOS_DEPLOYMENT_TARGET = 10.3;
				MTL_ENABLE_DEBUG_INFO = YES;
				ONLY_ACTIVE_ARCH = YES;
				SDKROOT = iphoneos;
				SWIFT_ACTIVE_COMPILATION_CONDITIONS = DEBUG;
				SWIFT_OPTIMIZATION_LEVEL = "-Onone";
			};
			name = Debug;
		};
		EBADB30D1EF5A12000C75712 /* Release */ = {
			isa = XCBuildConfiguration;
			buildSettings = {
				ALWAYS_SEARCH_USER_PATHS = NO;
				CLANG_ANALYZER_NONNULL = YES;
				CLANG_ANALYZER_NUMBER_OBJECT_CONVERSION = YES_AGGRESSIVE;
				CLANG_CXX_LANGUAGE_STANDARD = "gnu++0x";
				CLANG_CXX_LIBRARY = "libc++";
				CLANG_ENABLE_MODULES = YES;
				CLANG_ENABLE_OBJC_ARC = YES;
				CLANG_WARN_BOOL_CONVERSION = YES;
				CLANG_WARN_CONSTANT_CONVERSION = YES;
				CLANG_WARN_DIRECT_OBJC_ISA_USAGE = YES_ERROR;
				CLANG_WARN_DOCUMENTATION_COMMENTS = YES;
				CLANG_WARN_EMPTY_BODY = YES;
				CLANG_WARN_ENUM_CONVERSION = YES;
				CLANG_WARN_INFINITE_RECURSION = YES;
				CLANG_WARN_INT_CONVERSION = YES;
				CLANG_WARN_OBJC_ROOT_CLASS = YES_ERROR;
				CLANG_WARN_SUSPICIOUS_MOVE = YES;
				CLANG_WARN_UNREACHABLE_CODE = YES;
				CLANG_WARN__DUPLICATE_METHOD_MATCH = YES;
				"CODE_SIGN_IDENTITY[sdk=iphoneos*]" = "iPhone Developer";
				COPY_PHASE_STRIP = NO;
				DEBUG_INFORMATION_FORMAT = "dwarf-with-dsym";
				ENABLE_NS_ASSERTIONS = NO;
				ENABLE_STRICT_OBJC_MSGSEND = YES;
				GCC_C_LANGUAGE_STANDARD = gnu99;
				GCC_NO_COMMON_BLOCKS = YES;
				GCC_WARN_64_TO_32_BIT_CONVERSION = YES;
				GCC_WARN_ABOUT_RETURN_TYPE = YES_ERROR;
				GCC_WARN_UNDECLARED_SELECTOR = YES;
				GCC_WARN_UNINITIALIZED_AUTOS = YES_AGGRESSIVE;
				GCC_WARN_UNUSED_FUNCTION = YES;
				GCC_WARN_UNUSED_VARIABLE = YES;
				IPHONEOS_DEPLOYMENT_TARGET = 10.3;
				MTL_ENABLE_DEBUG_INFO = NO;
				SDKROOT = iphoneos;
				SWIFT_OPTIMIZATION_LEVEL = "-Owholemodule";
				VALIDATE_PRODUCT = YES;
			};
			name = Release;
		};
		EBADB30F1EF5A12000C75712 /* Debug */ = {
			isa = XCBuildConfiguration;
			baseConfigurationReference = 1BE006E94CB38CF946822B03 /* Pods-RainyShinyCloudy.debug.xcconfig */;
			buildSettings = {
				ASSETCATALOG_COMPILER_APPICON_NAME = AppIcon;
				DEVELOPMENT_TEAM = HPWA75Z78H;
				INFOPLIST_FILE = RainyShinyCloudy/Info.plist;
				LD_RUNPATH_SEARCH_PATHS = "$(inherited) @executable_path/Frameworks";
				PRODUCT_BUNDLE_IDENTIFIER = com.kickinbahkproductions.RainyShinyCloudy;
				PRODUCT_NAME = "$(TARGET_NAME)";
				SWIFT_VERSION = 3.0;
			};
			name = Debug;
		};
		EBADB3101EF5A12000C75712 /* Release */ = {
			isa = XCBuildConfiguration;
			baseConfigurationReference = 8C2B9ABA8FFF0D98B132791F /* Pods-RainyShinyCloudy.release.xcconfig */;
			buildSettings = {
				ASSETCATALOG_COMPILER_APPICON_NAME = AppIcon;
				DEVELOPMENT_TEAM = HPWA75Z78H;
				INFOPLIST_FILE = RainyShinyCloudy/Info.plist;
				LD_RUNPATH_SEARCH_PATHS = "$(inherited) @executable_path/Frameworks";
				PRODUCT_BUNDLE_IDENTIFIER = com.kickinbahkproductions.RainyShinyCloudy;
				PRODUCT_NAME = "$(TARGET_NAME)";
				SWIFT_VERSION = 3.0;
			};
			name = Release;
		};
		EBADB3121EF5A12000C75712 /* Debug */ = {
			isa = XCBuildConfiguration;
			baseConfigurationReference = 4E79298939E14588324B30D5 /* Pods-RainyShinyCloudyTests.debug.xcconfig */;
			buildSettings = {
				ALWAYS_EMBED_SWIFT_STANDARD_LIBRARIES = YES;
				BUNDLE_LOADER = "$(TEST_HOST)";
				DEVELOPMENT_TEAM = HPWA75Z78H;
				INFOPLIST_FILE = RainyShinyCloudyTests/Info.plist;
				LD_RUNPATH_SEARCH_PATHS = "$(inherited) @executable_path/Frameworks @loader_path/Frameworks";
				PRODUCT_BUNDLE_IDENTIFIER = com.kickinbahkproductions.RainyShinyCloudyTests;
				PRODUCT_NAME = "$(TARGET_NAME)";
				SWIFT_VERSION = 3.0;
				TEST_HOST = "$(BUILT_PRODUCTS_DIR)/RainyShinyCloudy.app/RainyShinyCloudy";
			};
			name = Debug;
		};
		EBADB3131EF5A12000C75712 /* Release */ = {
			isa = XCBuildConfiguration;
			baseConfigurationReference = F51319A00D6320970931C591 /* Pods-RainyShinyCloudyTests.release.xcconfig */;
			buildSettings = {
				ALWAYS_EMBED_SWIFT_STANDARD_LIBRARIES = YES;
				BUNDLE_LOADER = "$(TEST_HOST)";
				DEVELOPMENT_TEAM = HPWA75Z78H;
				INFOPLIST_FILE = RainyShinyCloudyTests/Info.plist;
				LD_RUNPATH_SEARCH_PATHS = "$(inherited) @executable_path/Frameworks @loader_path/Frameworks";
				PRODUCT_BUNDLE_IDENTIFIER = com.kickinbahkproductions.RainyShinyCloudyTests;
				PRODUCT_NAME = "$(TARGET_NAME)";
				SWIFT_VERSION = 3.0;
				TEST_HOST = "$(BUILT_PRODUCTS_DIR)/RainyShinyCloudy.app/RainyShinyCloudy";
			};
			name = Release;
		};
		EBADB3151EF5A12000C75712 /* Debug */ = {
			isa = XCBuildConfiguration;
			baseConfigurationReference = 4EB1C7B3B5ADC8A5E9A0761F /* Pods-RainyShinyCloudyUITests.debug.xcconfig */;
			buildSettings = {
				ALWAYS_EMBED_SWIFT_STANDARD_LIBRARIES = YES;
				DEVELOPMENT_TEAM = HPWA75Z78H;
				INFOPLIST_FILE = RainyShinyCloudyUITests/Info.plist;
				LD_RUNPATH_SEARCH_PATHS = "$(inherited) @executable_path/Frameworks @loader_path/Frameworks";
				PRODUCT_BUNDLE_IDENTIFIER = com.kickinbahkproductions.RainyShinyCloudyUITests;
				PRODUCT_NAME = "$(TARGET_NAME)";
				SWIFT_VERSION = 3.0;
				TEST_TARGET_NAME = RainyShinyCloudy;
			};
			name = Debug;
		};
		EBADB3161EF5A12000C75712 /* Release */ = {
			isa = XCBuildConfiguration;
			baseConfigurationReference = 2900A541F712F9553606257D /* Pods-RainyShinyCloudyUITests.release.xcconfig */;
			buildSettings = {
				ALWAYS_EMBED_SWIFT_STANDARD_LIBRARIES = YES;
				DEVELOPMENT_TEAM = HPWA75Z78H;
				INFOPLIST_FILE = RainyShinyCloudyUITests/Info.plist;
				LD_RUNPATH_SEARCH_PATHS = "$(inherited) @executable_path/Frameworks @loader_path/Frameworks";
				PRODUCT_BUNDLE_IDENTIFIER = com.kickinbahkproductions.RainyShinyCloudyUITests;
				PRODUCT_NAME = "$(TARGET_NAME)";
				SWIFT_VERSION = 3.0;
				TEST_TARGET_NAME = RainyShinyCloudy;
			};
			name = Release;
		};
/* End XCBuildConfiguration section */

/* Begin XCConfigurationList section */
		EBADB2E11EF5A12000C75712 /* Build configuration list for PBXProject "RainyShinyCloudy" */ = {
			isa = XCConfigurationList;
			buildConfigurations = (
				EBADB30C1EF5A12000C75712 /* Debug */,
				EBADB30D1EF5A12000C75712 /* Release */,
			);
			defaultConfigurationIsVisible = 0;
			defaultConfigurationName = Release;
		};
		EBADB30E1EF5A12000C75712 /* Build configuration list for PBXNativeTarget "RainyShinyCloudy" */ = {
			isa = XCConfigurationList;
			buildConfigurations = (
				EBADB30F1EF5A12000C75712 /* Debug */,
				EBADB3101EF5A12000C75712 /* Release */,
			);
			defaultConfigurationIsVisible = 0;
			defaultConfigurationName = Release;
		};
		EBADB3111EF5A12000C75712 /* Build configuration list for PBXNativeTarget "RainyShinyCloudyTests" */ = {
			isa = XCConfigurationList;
			buildConfigurations = (
				EBADB3121EF5A12000C75712 /* Debug */,
				EBADB3131EF5A12000C75712 /* Release */,
			);
			defaultConfigurationIsVisible = 0;
			defaultConfigurationName = Release;
		};
		EBADB3141EF5A12000C75712 /* Build configuration list for PBXNativeTarget "RainyShinyCloudyUITests" */ = {
			isa = XCConfigurationList;
			buildConfigurations = (
				EBADB3151EF5A12000C75712 /* Debug */,
				EBADB3161EF5A12000C75712 /* Release */,
			);
			defaultConfigurationIsVisible = 0;
			defaultConfigurationName = Release;
		};
/* End XCConfigurationList section */
	};
	rootObject = EBADB2DE1EF5A12000C75712 /* Project object */;
}
